
Microsoft Visual Studio Solution File, Format Version 12.00
Project("{2150E333-8FDC-42A3-9474-1A3956D46DE8}") = "src", "src", "{827E0CD3-B72D-47B6-A68D-7590B98EB39B}"
EndProject
Project("{2150E333-8FDC-42A3-9474-1A3956D46DE8}") = "Backend", "Backend", "{FE360695-3F2B-1049-3887-35FBB5135923}"
EndProject
Project("{FAE04EC0-301F-11D3-BF4B-00C04F79EFBC}") = "EcommerceProjectUFSC.API", "src\Backend\EcommerceProjectUFSC.API\EcommerceProjectUFSC.API.csproj", "{AA59FE05-E932-471E-994B-50D45337C6C0}"
EndProject
Project("{FAE04EC0-301F-11D3-BF4B-00C04F79EFBC}") = "EcommerceProjectUFSC.Application", "src\Backend\EcommerceProjectUFSC.Application\EcommerceProjectUFSC.Application.csproj", "{3E1E6C51-2587-4F2A-A4BC-543F9DC53B9C}"
EndProject
Project("{FAE04EC0-301F-11D3-BF4B-00C04F79EFBC}") = "EcommerceProjectUFSC.Domain", "src\Backend\EcommerceProjectUFSC.Domain\EcommerceProjectUFSC.Domain.csproj", "{CA59020C-A76A-4893-80F3-449D97E9A341}"
EndProject
Project("{FAE04EC0-301F-11D3-BF4B-00C04F79EFBC}") = "EcommerceProjectUFSC.Infrastructure", "src\Backend\EcommerceProjectUFSC.Infrastructure\EcommerceProjectUFSC.Infrastructure.csproj", "{530FEA20-E45C-45A1-AE6E-5B3A3F9DF93E}"
EndProject
Project("{2150E333-8FDC-42A3-9474-1A3956D46DE8}") = "Shared", "Shared", "{C8E42992-5E42-0C2B-DBFE-AA848D06431C}"
EndProject
Project("{FAE04EC0-301F-11D3-BF4B-00C04F79EFBC}") = "EcommerceProjectUFSC.Communication", "src\Shared\EcommerceProjectUFSC.Communication\EcommerceProjectUFSC.Communication.csproj", "{E7BF54FA-BE1F-4CB1-8BAA-72F2AD44331B}"
EndProject
Project("{FAE04EC0-301F-11D3-BF4B-00C04F79EFBC}") = "EcommerceProjectUFSC.Exceptions", "src\Shared\EcommerceProjectUFSC.Exceptions\EcommerceProjectUFSC.Exceptions.csproj", "{C41BDEB0-BD53-468B-A5C2-AC3706C63DE6}"
EndProject
Project("{2150E333-8FDC-42A3-9474-1A3956D46DE8}") = "tests", "tests", "{F2E2FF6F-2BF7-4538-87C1-89F52C2C96E1}"
EndProject
Project("{FAE04EC0-301F-11D3-BF4B-00C04F79EFBC}") = "Validators.Test", "tests\Validators.Test\Validators.Test.csproj", "{C50A0BDB-7E36-46D5-AA5B-310DCF4EF9CD}"
EndProject
Project("{FAE04EC0-301F-11D3-BF4B-00C04F79EFBC}") = "CommonTestUtilities", "tests\CommonTestUtilities\CommonTestUtilities.csproj", "{1C4CE179-15F2-4A0B-BA3A-911175852970}"
EndProject
Project("{FAE04EC0-301F-11D3-BF4B-00C04F79EFBC}") = "UseCases.Test", "tests\UseCases.Test\UseCases.Test.csproj", "{67D0DA46-0C1B-438D-B5E1-19D0895A421D}"
EndProject
Project("{FAE04EC0-301F-11D3-BF4B-00C04F79EFBC}") = "WebApi.Test", "tests\WebApi.Test\WebApi.Test.csproj", "{315A626C-1FFB-4C13-9B94-C721B5E7890D}"
EndProject
Global
	GlobalSection(SolutionConfigurationPlatforms) = preSolution
		Debug|Any CPU = Debug|Any CPU
		Debug|x64 = Debug|x64
		Debug|x86 = Debug|x86
		Release|Any CPU = Release|Any CPU
		Release|x64 = Release|x64
		Release|x86 = Release|x86
	EndGlobalSection
	GlobalSection(ProjectConfigurationPlatforms) = postSolution
		{AA59FE05-E932-471E-994B-50D45337C6C0}.Debug|Any CPU.ActiveCfg = Debug|Any CPU
		{AA59FE05-E932-471E-994B-50D45337C6C0}.Debug|Any CPU.Build.0 = Debug|Any CPU
		{AA59FE05-E932-471E-994B-50D45337C6C0}.Debug|x64.ActiveCfg = Debug|Any CPU
		{AA59FE05-E932-471E-994B-50D45337C6C0}.Debug|x64.Build.0 = Debug|Any CPU
		{AA59FE05-E932-471E-994B-50D45337C6C0}.Debug|x86.ActiveCfg = Debug|Any CPU
		{AA59FE05-E932-471E-994B-50D45337C6C0}.Debug|x86.Build.0 = Debug|Any CPU
		{AA59FE05-E932-471E-994B-50D45337C6C0}.Release|Any CPU.ActiveCfg = Release|Any CPU
		{AA59FE05-E932-471E-994B-50D45337C6C0}.Release|Any CPU.Build.0 = Release|Any CPU
		{AA59FE05-E932-471E-994B-50D45337C6C0}.Release|x64.ActiveCfg = Release|Any CPU
		{AA59FE05-E932-471E-994B-50D45337C6C0}.Release|x64.Build.0 = Release|Any CPU
		{AA59FE05-E932-471E-994B-50D45337C6C0}.Release|x86.ActiveCfg = Release|Any CPU
		{AA59FE05-E932-471E-994B-50D45337C6C0}.Release|x86.Build.0 = Release|Any CPU
		{3E1E6C51-2587-4F2A-A4BC-543F9DC53B9C}.Debug|Any CPU.ActiveCfg = Debug|Any CPU
		{3E1E6C51-2587-4F2A-A4BC-543F9DC53B9C}.Debug|Any CPU.Build.0 = Debug|Any CPU
		{3E1E6C51-2587-4F2A-A4BC-543F9DC53B9C}.Debug|x64.ActiveCfg = Debug|Any CPU
		{3E1E6C51-2587-4F2A-A4BC-543F9DC53B9C}.Debug|x64.Build.0 = Debug|Any CPU
		{3E1E6C51-2587-4F2A-A4BC-543F9DC53B9C}.Debug|x86.ActiveCfg = Debug|Any CPU
		{3E1E6C51-2587-4F2A-A4BC-543F9DC53B9C}.Debug|x86.Build.0 = Debug|Any CPU
		{3E1E6C51-2587-4F2A-A4BC-543F9DC53B9C}.Release|Any CPU.ActiveCfg = Release|Any CPU
		{3E1E6C51-2587-4F2A-A4BC-543F9DC53B9C}.Release|Any CPU.Build.0 = Release|Any CPU
		{3E1E6C51-2587-4F2A-A4BC-543F9DC53B9C}.Release|x64.ActiveCfg = Release|Any CPU
		{3E1E6C51-2587-4F2A-A4BC-543F9DC53B9C}.Release|x64.Build.0 = Release|Any CPU
		{3E1E6C51-2587-4F2A-A4BC-543F9DC53B9C}.Release|x86.ActiveCfg = Release|Any CPU
		{3E1E6C51-2587-4F2A-A4BC-543F9DC53B9C}.Release|x86.Build.0 = Release|Any CPU
		{CA59020C-A76A-4893-80F3-449D97E9A341}.Debug|Any CPU.ActiveCfg = Debug|Any CPU
		{CA59020C-A76A-4893-80F3-449D97E9A341}.Debug|Any CPU.Build.0 = Debug|Any CPU
		{CA59020C-A76A-4893-80F3-449D97E9A341}.Debug|x64.ActiveCfg = Debug|Any CPU
		{CA59020C-A76A-4893-80F3-449D97E9A341}.Debug|x64.Build.0 = Debug|Any CPU
		{CA59020C-A76A-4893-80F3-449D97E9A341}.Debug|x86.ActiveCfg = Debug|Any CPU
		{CA59020C-A76A-4893-80F3-449D97E9A341}.Debug|x86.Build.0 = Debug|Any CPU
		{CA59020C-A76A-4893-80F3-449D97E9A341}.Release|Any CPU.ActiveCfg = Release|Any CPU
		{CA59020C-A76A-4893-80F3-449D97E9A341}.Release|Any CPU.Build.0 = Release|Any CPU
		{CA59020C-A76A-4893-80F3-449D97E9A341}.Release|x64.ActiveCfg = Release|Any CPU
		{CA59020C-A76A-4893-80F3-449D97E9A341}.Release|x64.Build.0 = Release|Any CPU
		{CA59020C-A76A-4893-80F3-449D97E9A341}.Release|x86.ActiveCfg = Release|Any CPU
		{CA59020C-A76A-4893-80F3-449D97E9A341}.Release|x86.Build.0 = Release|Any CPU
		{530FEA20-E45C-45A1-AE6E-5B3A3F9DF93E}.Debug|Any CPU.ActiveCfg = Debug|Any CPU
		{530FEA20-E45C-45A1-AE6E-5B3A3F9DF93E}.Debug|Any CPU.Build.0 = Debug|Any CPU
		{530FEA20-E45C-45A1-AE6E-5B3A3F9DF93E}.Debug|x64.ActiveCfg = Debug|Any CPU
		{530FEA20-E45C-45A1-AE6E-5B3A3F9DF93E}.Debug|x64.Build.0 = Debug|Any CPU
		{530FEA20-E45C-45A1-AE6E-5B3A3F9DF93E}.Debug|x86.ActiveCfg = Debug|Any CPU
		{530FEA20-E45C-45A1-AE6E-5B3A3F9DF93E}.Debug|x86.Build.0 = Debug|Any CPU
		{530FEA20-E45C-45A1-AE6E-5B3A3F9DF93E}.Release|Any CPU.ActiveCfg = Release|Any CPU
		{530FEA20-E45C-45A1-AE6E-5B3A3F9DF93E}.Release|Any CPU.Build.0 = Release|Any CPU
		{530FEA20-E45C-45A1-AE6E-5B3A3F9DF93E}.Release|x64.ActiveCfg = Release|Any CPU
		{530FEA20-E45C-45A1-AE6E-5B3A3F9DF93E}.Release|x64.Build.0 = Release|Any CPU
		{530FEA20-E45C-45A1-AE6E-5B3A3F9DF93E}.Release|x86.ActiveCfg = Release|Any CPU
		{530FEA20-E45C-45A1-AE6E-5B3A3F9DF93E}.Release|x86.Build.0 = Release|Any CPU
		{E7BF54FA-BE1F-4CB1-8BAA-72F2AD44331B}.Debug|Any CPU.ActiveCfg = Debug|Any CPU
		{E7BF54FA-BE1F-4CB1-8BAA-72F2AD44331B}.Debug|Any CPU.Build.0 = Debug|Any CPU
		{E7BF54FA-BE1F-4CB1-8BAA-72F2AD44331B}.Debug|x64.ActiveCfg = Debug|Any CPU
		{E7BF54FA-BE1F-4CB1-8BAA-72F2AD44331B}.Debug|x64.Build.0 = Debug|Any CPU
		{E7BF54FA-BE1F-4CB1-8BAA-72F2AD44331B}.Debug|x86.ActiveCfg = Debug|Any CPU
		{E7BF54FA-BE1F-4CB1-8BAA-72F2AD44331B}.Debug|x86.Build.0 = Debug|Any CPU
		{E7BF54FA-BE1F-4CB1-8BAA-72F2AD44331B}.Release|Any CPU.ActiveCfg = Release|Any CPU
		{E7BF54FA-BE1F-4CB1-8BAA-72F2AD44331B}.Release|Any CPU.Build.0 = Release|Any CPU
		{E7BF54FA-BE1F-4CB1-8BAA-72F2AD44331B}.Release|x64.ActiveCfg = Release|Any CPU
		{E7BF54FA-BE1F-4CB1-8BAA-72F2AD44331B}.Release|x64.Build.0 = Release|Any CPU
		{E7BF54FA-BE1F-4CB1-8BAA-72F2AD44331B}.Release|x86.ActiveCfg = Release|Any CPU
		{E7BF54FA-BE1F-4CB1-8BAA-72F2AD44331B}.Release|x86.Build.0 = Release|Any CPU
		{C41BDEB0-BD53-468B-A5C2-AC3706C63DE6}.Debug|Any CPU.ActiveCfg = Debug|Any CPU
		{C41BDEB0-BD53-468B-A5C2-AC3706C63DE6}.Debug|Any CPU.Build.0 = Debug|Any CPU
		{C41BDEB0-BD53-468B-A5C2-AC3706C63DE6}.Debug|x64.ActiveCfg = Debug|Any CPU
		{C41BDEB0-BD53-468B-A5C2-AC3706C63DE6}.Debug|x64.Build.0 = Debug|Any CPU
		{C41BDEB0-BD53-468B-A5C2-AC3706C63DE6}.Debug|x86.ActiveCfg = Debug|Any CPU
		{C41BDEB0-BD53-468B-A5C2-AC3706C63DE6}.Debug|x86.Build.0 = Debug|Any CPU
		{C41BDEB0-BD53-468B-A5C2-AC3706C63DE6}.Release|Any CPU.ActiveCfg = Release|Any CPU
		{C41BDEB0-BD53-468B-A5C2-AC3706C63DE6}.Release|Any CPU.Build.0 = Release|Any CPU
		{C41BDEB0-BD53-468B-A5C2-AC3706C63DE6}.Release|x64.ActiveCfg = Release|Any CPU
		{C41BDEB0-BD53-468B-A5C2-AC3706C63DE6}.Release|x64.Build.0 = Release|Any CPU
		{C41BDEB0-BD53-468B-A5C2-AC3706C63DE6}.Release|x86.ActiveCfg = Release|Any CPU
		{C41BDEB0-BD53-468B-A5C2-AC3706C63DE6}.Release|x86.Build.0 = Release|Any CPU
		{C50A0BDB-7E36-46D5-AA5B-310DCF4EF9CD}.Debug|Any CPU.ActiveCfg = Debug|Any CPU
		{C50A0BDB-7E36-46D5-AA5B-310DCF4EF9CD}.Debug|Any CPU.Build.0 = Debug|Any CPU
		{C50A0BDB-7E36-46D5-AA5B-310DCF4EF9CD}.Debug|x64.ActiveCfg = Debug|Any CPU
		{C50A0BDB-7E36-46D5-AA5B-310DCF4EF9CD}.Debug|x64.Build.0 = Debug|Any CPU
		{C50A0BDB-7E36-46D5-AA5B-310DCF4EF9CD}.Debug|x86.ActiveCfg = Debug|Any CPU
		{C50A0BDB-7E36-46D5-AA5B-310DCF4EF9CD}.Debug|x86.Build.0 = Debug|Any CPU
		{C50A0BDB-7E36-46D5-AA5B-310DCF4EF9CD}.Release|Any CPU.ActiveCfg = Release|Any CPU
		{C50A0BDB-7E36-46D5-AA5B-310DCF4EF9CD}.Release|Any CPU.Build.0 = Release|Any CPU
		{C50A0BDB-7E36-46D5-AA5B-310DCF4EF9CD}.Release|x64.ActiveCfg = Release|Any CPU
		{C50A0BDB-7E36-46D5-AA5B-310DCF4EF9CD}.Release|x64.Build.0 = Release|Any CPU
		{C50A0BDB-7E36-46D5-AA5B-310DCF4EF9CD}.Release|x86.ActiveCfg = Release|Any CPU
		{C50A0BDB-7E36-46D5-AA5B-310DCF4EF9CD}.Release|x86.Build.0 = Release|Any CPU
		{1C4CE179-15F2-4A0B-BA3A-911175852970}.Debug|Any CPU.ActiveCfg = Debug|Any CPU
		{1C4CE179-15F2-4A0B-BA3A-911175852970}.Debug|Any CPU.Build.0 = Debug|Any CPU
		{1C4CE179-15F2-4A0B-BA3A-911175852970}.Debug|x64.ActiveCfg = Debug|Any CPU
		{1C4CE179-15F2-4A0B-BA3A-911175852970}.Debug|x64.Build.0 = Debug|Any CPU
		{1C4CE179-15F2-4A0B-BA3A-911175852970}.Debug|x86.ActiveCfg = Debug|Any CPU
		{1C4CE179-15F2-4A0B-BA3A-911175852970}.Debug|x86.Build.0 = Debug|Any CPU
		{1C4CE179-15F2-4A0B-BA3A-911175852970}.Release|Any CPU.ActiveCfg = Release|Any CPU
		{1C4CE179-15F2-4A0B-BA3A-911175852970}.Release|Any CPU.Build.0 = Release|Any CPU
		{1C4CE179-15F2-4A0B-BA3A-911175852970}.Release|x64.ActiveCfg = Release|Any CPU
		{1C4CE179-15F2-4A0B-BA3A-911175852970}.Release|x64.Build.0 = Release|Any CPU
		{1C4CE179-15F2-4A0B-BA3A-911175852970}.Release|x86.ActiveCfg = Release|Any CPU
		{1C4CE179-15F2-4A0B-BA3A-911175852970}.Release|x86.Build.0 = Release|Any CPU
		{67D0DA46-0C1B-438D-B5E1-19D0895A421D}.Debug|Any CPU.ActiveCfg = Debug|Any CPU
		{67D0DA46-0C1B-438D-B5E1-19D0895A421D}.Debug|Any CPU.Build.0 = Debug|Any CPU
		{67D0DA46-0C1B-438D-B5E1-19D0895A421D}.Debug|x64.ActiveCfg = Debug|Any CPU
		{67D0DA46-0C1B-438D-B5E1-19D0895A421D}.Debug|x64.Build.0 = Debug|Any CPU
		{67D0DA46-0C1B-438D-B5E1-19D0895A421D}.Debug|x86.ActiveCfg = Debug|Any CPU
		{67D0DA46-0C1B-438D-B5E1-19D0895A421D}.Debug|x86.Build.0 = Debug|Any CPU
		{67D0DA46-0C1B-438D-B5E1-19D0895A421D}.Release|Any CPU.ActiveCfg = Release|Any CPU
		{67D0DA46-0C1B-438D-B5E1-19D0895A421D}.Release|Any CPU.Build.0 = Release|Any CPU
		{67D0DA46-0C1B-438D-B5E1-19D0895A421D}.Release|x64.ActiveCfg = Release|Any CPU
		{67D0DA46-0C1B-438D-B5E1-19D0895A421D}.Release|x64.Build.0 = Release|Any CPU
		{67D0DA46-0C1B-438D-B5E1-19D0895A421D}.Release|x86.ActiveCfg = Release|Any CPU
		{67D0DA46-0C1B-438D-B5E1-19D0895A421D}.Release|x86.Build.0 = Release|Any CPU
		{315A626C-1FFB-4C13-9B94-C721B5E7890D}.Debug|Any CPU.ActiveCfg = Debug|Any CPU
		{315A626C-1FFB-4C13-9B94-C721B5E7890D}.Debug|Any CPU.Build.0 = Debug|Any CPU
		{315A626C-1FFB-4C13-9B94-C721B5E7890D}.Debug|x64.ActiveCfg = Debug|Any CPU
		{315A626C-1FFB-4C13-9B94-C721B5E7890D}.Debug|x64.Build.0 = Debug|Any CPU
		{315A626C-1FFB-4C13-9B94-C721B5E7890D}.Debug|x86.ActiveCfg = Debug|Any CPU
		{315A626C-1FFB-4C13-9B94-C721B5E7890D}.Debug|x86.Build.0 = Debug|Any CPU
		{315A626C-1FFB-4C13-9B94-C721B5E7890D}.Release|Any CPU.ActiveCfg = Release|Any CPU
		{315A626C-1FFB-4C13-9B94-C721B5E7890D}.Release|Any CPU.Build.0 = Release|Any CPU
		{315A626C-1FFB-4C13-9B94-C721B5E7890D}.Release|x64.ActiveCfg = Release|Any CPU
		{315A626C-1FFB-4C13-9B94-C721B5E7890D}.Release|x64.Build.0 = Release|Any CPU
		{315A626C-1FFB-4C13-9B94-C721B5E7890D}.Release|x86.ActiveCfg = Release|Any CPU
		{315A626C-1FFB-4C13-9B94-C721B5E7890D}.Release|x86.Build.0 = Release|Any CPU
	EndGlobalSection
	GlobalSection(SolutionProperties) = preSolution
		HideSolutionNode = FALSE
	EndGlobalSection
	GlobalSection(NestedProjects) = preSolution
		{FE360695-3F2B-1049-3887-35FBB5135923} = {827E0CD3-B72D-47B6-A68D-7590B98EB39B}
		{AA59FE05-E932-471E-994B-50D45337C6C0} = {FE360695-3F2B-1049-3887-35FBB5135923}
		{3E1E6C51-2587-4F2A-A4BC-543F9DC53B9C} = {FE360695-3F2B-1049-3887-35FBB5135923}
		{CA59020C-A76A-4893-80F3-449D97E9A341} = {FE360695-3F2B-1049-3887-35FBB5135923}
		{530FEA20-E45C-45A1-AE6E-5B3A3F9DF93E} = {FE360695-3F2B-1049-3887-35FBB5135923}
		{C8E42992-5E42-0C2B-DBFE-AA848D06431C} = {827E0CD3-B72D-47B6-A68D-7590B98EB39B}
		{E7BF54FA-BE1F-4CB1-8BAA-72F2AD44331B} = {C8E42992-5E42-0C2B-DBFE-AA848D06431C}
		{C41BDEB0-BD53-468B-A5C2-AC3706C63DE6} = {C8E42992-5E42-0C2B-DBFE-AA848D06431C}
		{C50A0BDB-7E36-46D5-AA5B-310DCF4EF9CD} = {F2E2FF6F-2BF7-4538-87C1-89F52C2C96E1}
		{1C4CE179-15F2-4A0B-BA3A-911175852970} = {F2E2FF6F-2BF7-4538-87C1-89F52C2C96E1}
		{67D0DA46-0C1B-438D-B5E1-19D0895A421D} = {F2E2FF6F-2BF7-4538-87C1-89F52C2C96E1}
		{315A626C-1FFB-4C13-9B94-C721B5E7890D} = {F2E2FF6F-2BF7-4538-87C1-89F52C2C96E1}
	EndGlobalSection
EndGlobal
